
Microsoft Visual Studio Solution File, Format Version 12.00
Project("{FAE04EC0-301F-11D3-BF4B-00C04F79EFBC}") = "AppointmentSystemAPI", "AppointmentSystemAPI\AppointmentSystemAPI.csproj", "{B1EA2799-5981-4D70-B7C1-0A26B401ED19}"
EndProject
Project("{2150E333-8FDC-42A3-9474-1A3956D46DE8}") = "src", "src", "{4AC796B2-6C01-4387-B395-2B22974D5398}"
EndProject
Project("{FAE04EC0-301F-11D3-BF4B-00C04F79EFBC}") = "AppointmentSystemAPI.Data", "AppointmentSystemAPI.Data\AppointmentSystemAPI.Data.csproj", "{2C1FE608-9468-4D68-83CE-259CC2A898A4}"
EndProject
Global
	GlobalSection(SolutionConfigurationPlatforms) = preSolution
		Debug|Any CPU = Debug|Any CPU
		Release|Any CPU = Release|Any CPU
	EndGlobalSection
	GlobalSection(ProjectConfigurationPlatforms) = postSolution
		{B1EA2799-5981-4D70-B7C1-0A26B401ED19}.Debug|Any CPU.ActiveCfg = Debug|Any CPU
		{B1EA2799-5981-4D70-B7C1-0A26B401ED19}.Debug|Any CPU.Build.0 = Debug|Any CPU
		{B1EA2799-5981-4D70-B7C1-0A26B401ED19}.Release|Any CPU.ActiveCfg = Release|Any CPU
		{B1EA2799-5981-4D70-B7C1-0A26B401ED19}.Release|Any CPU.Build.0 = Release|Any CPU
		{2C1FE608-9468-4D68-83CE-259CC2A898A4}.Debug|Any CPU.ActiveCfg = Debug|Any CPU
		{2C1FE608-9468-4D68-83CE-259CC2A898A4}.Debug|Any CPU.Build.0 = Debug|Any CPU
		{2C1FE608-9468-4D68-83CE-259CC2A898A4}.Release|Any CPU.ActiveCfg = Release|Any CPU
		{2C1FE608-9468-4D68-83CE-259CC2A898A4}.Release|Any CPU.Build.0 = Release|Any CPU
	EndGlobalSection
	GlobalSection(NestedProjects) = preSolution
		{B1EA2799-5981-4D70-B7C1-0A26B401ED19} = {4AC796B2-6C01-4387-B395-2B22974D5398}
		{2C1FE608-9468-4D68-83CE-259CC2A898A4} = {4AC796B2-6C01-4387-B395-2B22974D5398}
	EndGlobalSection
EndGlobal
