
Microsoft Visual Studio Solution File, Format Version 12.00
# Visual Studio Version 16
VisualStudioVersion = 16.0.810.25
MinimumVisualStudioVersion = 10.0.40219.1
Project("{FAE04EC0-301F-11D3-BF4B-00C04F79EFBC}") = "AppointmentSystemAPI", "AppointmentSystemAPI\AppointmentSystemAPI.csproj", "{DDA387C7-E530-4781-9CC0-A4B3E1BA1E06}"
EndProject
Project("{FAE04EC0-301F-11D3-BF4B-00C04F79EFBC}") = "AppointmentSystemAPI.Data", "AppointmentSystemAPI.Data\AppointmentSystemAPI.Data.csproj", "{04D9D47E-D7C0-40A7-88B8-7BB82E70F8B1}"
EndProject
Global
	GlobalSection(SolutionConfigurationPlatforms) = preSolution
		Debug|Any CPU = Debug|Any CPU
		Release|Any CPU = Release|Any CPU
	EndGlobalSection
	GlobalSection(ProjectConfigurationPlatforms) = postSolution
		{DDA387C7-E530-4781-9CC0-A4B3E1BA1E06}.Debug|Any CPU.ActiveCfg = Debug|Any CPU
		{DDA387C7-E530-4781-9CC0-A4B3E1BA1E06}.Debug|Any CPU.Build.0 = Debug|Any CPU
		{DDA387C7-E530-4781-9CC0-A4B3E1BA1E06}.Release|Any CPU.ActiveCfg = Release|Any CPU
		{DDA387C7-E530-4781-9CC0-A4B3E1BA1E06}.Release|Any CPU.Build.0 = Release|Any CPU
		{04D9D47E-D7C0-40A7-88B8-7BB82E70F8B1}.Debug|Any CPU.ActiveCfg = Debug|Any CPU
		{04D9D47E-D7C0-40A7-88B8-7BB82E70F8B1}.Debug|Any CPU.Build.0 = Debug|Any CPU
		{04D9D47E-D7C0-40A7-88B8-7BB82E70F8B1}.Release|Any CPU.ActiveCfg = Release|Any CPU
		{04D9D47E-D7C0-40A7-88B8-7BB82E70F8B1}.Release|Any CPU.Build.0 = Release|Any CPU
	EndGlobalSection
	GlobalSection(SolutionProperties) = preSolution
		HideSolutionNode = FALSE
	EndGlobalSection
	GlobalSection(ExtensibilityGlobals) = postSolution
		SolutionGuid = {3BA638F7-0DD9-41D0-8E77-12A9169DCA66}
	EndGlobalSection
EndGlobal
